
Microsoft Visual Studio Solution File, Format Version 12.00
# Visual Studio Version 17
VisualStudioVersion = 17.8.34330.188
MinimumVisualStudioVersion = 10.0.40219.1
Project("{FAE04EC0-301F-11D3-BF4B-00C04F79EFBC}") = "DevopsDemo", "DevopsDemo\DevopsDemo.csproj", "{D004E5D6-1466-4F71-BB80-C698194B463F}"
EndProject
Project("{FAE04EC0-301F-11D3-BF4B-00C04F79EFBC}") = "TestProject1", "TestProject1\TestProject1.csproj", "{AED9E9F8-FA15-474C-9D4E-164231834C28}"
EndProject
Global
	GlobalSection(SolutionConfigurationPlatforms) = preSolution
		Debug|Any CPU = Debug|Any CPU
		Release|Any CPU = Release|Any CPU
	EndGlobalSection
	GlobalSection(ProjectConfigurationPlatforms) = postSolution
		{D004E5D6-1466-4F71-BB80-C698194B463F}.Debug|Any CPU.ActiveCfg = Debug|Any CPU
		{D004E5D6-1466-4F71-BB80-C698194B463F}.Debug|Any CPU.Build.0 = Debug|Any CPU
		{D004E5D6-1466-4F71-BB80-C698194B463F}.Release|Any CPU.ActiveCfg = Release|Any CPU
		{D004E5D6-1466-4F71-BB80-C698194B463F}.Release|Any CPU.Build.0 = Release|Any CPU
		{AED9E9F8-FA15-474C-9D4E-164231834C28}.Debug|Any CPU.ActiveCfg = Debug|Any CPU
		{AED9E9F8-FA15-474C-9D4E-164231834C28}.Debug|Any CPU.Build.0 = Debug|Any CPU
		{AED9E9F8-FA15-474C-9D4E-164231834C28}.Release|Any CPU.ActiveCfg = Release|Any CPU
		{AED9E9F8-FA15-474C-9D4E-164231834C28}.Release|Any CPU.Build.0 = Release|Any CPU
	EndGlobalSection
	GlobalSection(SolutionProperties) = preSolution
		HideSolutionNode = FALSE
	EndGlobalSection
	GlobalSection(ExtensibilityGlobals) = postSolution
		SolutionGuid = {90A41087-55CF-4C6F-91A7-4BA9F9F5B2B2}
	EndGlobalSection
EndGlobal
